
Microsoft Visual Studio Solution File, Format Version 12.00
# Visual Studio Version 17
VisualStudioVersion = 17.3.32825.248
MinimumVisualStudioVersion = 10.0.40219.1
Project("{9A19103F-16F7-4668-BE54-9A1E7A4F7556}") = "AoC_2022.Day1", "AoC_2022.Day1\AoC_2022.Day1.csproj", "{861457CA-0CBA-4FBF-B128-364A30259864}"
EndProject
Project("{9A19103F-16F7-4668-BE54-9A1E7A4F7556}") = "AoC_2022.Day2", "AoC_2022.Day2\AoC_2022.Day2.csproj", "{05BE2843-37B9-4D86-84E5-1C5FF4F53085}"
EndProject
Project("{9A19103F-16F7-4668-BE54-9A1E7A4F7556}") = "AoC_2022.Day3", "AoC_2022.Day3\AoC_2022.Day3.csproj", "{E40DB42F-19AB-45C0-99F8-69ABFC854EBC}"
EndProject
Project("{2150E333-8FDC-42A3-9474-1A3956D46DE8}") = "Projektmappenelemente", "Projektmappenelemente", "{4046C143-15F3-4872-866E-C4EDA162AB62}"
	ProjectSection(SolutionItems) = preProject
		README.md = README.md
	EndProjectSection
EndProject
Project("{9A19103F-16F7-4668-BE54-9A1E7A4F7556}") = "AoC_2022.Day4", "AoC_2022.Day4\AoC_2022.Day4.csproj", "{EF340548-719B-43EB-8485-F54D0E2E5B8B}"
EndProject
Project("{9A19103F-16F7-4668-BE54-9A1E7A4F7556}") = "AoC_2022.Day5", "AoC_2022.Day5\AoC_2022.Day5.csproj", "{19F342B9-6BD0-4A94-9E20-5A176B72804C}"
EndProject
Project("{9A19103F-16F7-4668-BE54-9A1E7A4F7556}") = "AoC_2022.Day6", "AoC_2022.Day6\AoC_2022.Day6.csproj", "{403CD5B6-39A5-4ADE-8568-7EA3FC4525D3}"
EndProject
Project("{9A19103F-16F7-4668-BE54-9A1E7A4F7556}") = "AoC_2022.Day7", "AoC_2022.Day7\AoC_2022.Day7.csproj", "{2A9C12B1-2FAB-4093-85DA-E19A12A84291}"
EndProject
Project("{9A19103F-16F7-4668-BE54-9A1E7A4F7556}") = "AoC_2022.Day8", "AoC_2022.Day8\AoC_2022.Day8.csproj", "{DD0EAF70-A8E7-4051-B66E-6D19ECE28EC3}"
EndProject
Project("{9A19103F-16F7-4668-BE54-9A1E7A4F7556}") = "AoC_2022.Day9", "AoC_2022.Day9\AoC_2022.Day9.csproj", "{3AB1E8C6-E5DE-4037-BF81-C460D0CB3EF7}"
EndProject
Project("{9A19103F-16F7-4668-BE54-9A1E7A4F7556}") = "AoC_2022.Day10", "AoC_2022.Day10\AoC_2022.Day10.csproj", "{2FE46A36-CB9F-4996-8CE9-DBDAEB74BCB9}"
EndProject
Project("{9A19103F-16F7-4668-BE54-9A1E7A4F7556}") = "AoC_2022.Day11", "AoC_2022.Day11\AoC_2022.Day11.csproj", "{C469B5BE-81F8-473E-A75D-B72D9361D066}"
EndProject
Project("{9A19103F-16F7-4668-BE54-9A1E7A4F7556}") = "AoC_2022.Day12", "AoC_2022.Day12\AoC_2022.Day12.csproj", "{E0F1863F-9698-45B8-A123-59F81E31FA29}"
EndProject
Project("{9A19103F-16F7-4668-BE54-9A1E7A4F7556}") = "AoC_2022.Day13", "AoC_2022.Day13\AoC_2022.Day13.csproj", "{3FBE4939-C622-43B0-B5BD-26AB7853B48D}"
EndProject
Project("{9A19103F-16F7-4668-BE54-9A1E7A4F7556}") = "AoC_2022.Day14", "AoC_2022.Day14\AoC_2022.Day14.csproj", "{B5D5FADA-104B-4B60-9B2F-0B758BF58A44}"
EndProject
Project("{9A19103F-16F7-4668-BE54-9A1E7A4F7556}") = "AoC_2022.Day15", "AoC_2022.Day15\AoC_2022.Day15.csproj", "{716A018E-67AD-4416-972F-787C24C54360}"
EndProject
Project("{9A19103F-16F7-4668-BE54-9A1E7A4F7556}") = "AoC_2022.Day16", "AoC_2022.Day16\AoC_2022.Day16.csproj", "{13647837-D503-475B-958D-FDF00C4EFA56}"
EndProject
Project("{9A19103F-16F7-4668-BE54-9A1E7A4F7556}") = "AoC_2022.Day17", "AoC_2022.Day17\AoC_2022.Day17.csproj", "{611D8679-3045-4081-BA21-06315C124F0C}"
EndProject
Project("{9A19103F-16F7-4668-BE54-9A1E7A4F7556}") = "AoC_2022.Day18", "AoC_2022.Day18\AoC_2022.Day18.csproj", "{35F3597E-8400-4813-A2FF-07EAD2824FDF}"
EndProject
Project("{FAE04EC0-301F-11D3-BF4B-00C04F79EFBC}") = "AoC_2022.Day19", "AoC_2022.Day19\AoC_2022.Day19.csproj", "{886B1C54-B8D0-4930-AA98-1F948835A61D}"
EndProject
Project("{FAE04EC0-301F-11D3-BF4B-00C04F79EFBC}") = "AoC_2022.Day20", "AoC_2022.Day20\AoC_2022.Day20.csproj", "{54239772-A372-4C56-BCA3-3A683E227AC7}"
EndProject
Project("{FAE04EC0-301F-11D3-BF4B-00C04F79EFBC}") = "AoC_2022.Day21", "AoC_2022.Day21\AoC_2022.Day21.csproj", "{A16F7E4E-9FE7-4E81-A4FD-ACC58DA10EF7}"
EndProject
Project("{FAE04EC0-301F-11D3-BF4B-00C04F79EFBC}") = "AoC_2022.Day22", "AoC_2022.Day22\AoC_2022.Day22.csproj", "{76898AB2-BCCF-4D9A-9DF8-43981F3740B2}"
EndProject
Global
	GlobalSection(SolutionConfigurationPlatforms) = preSolution
		Debug|Any CPU = Debug|Any CPU
		Release|Any CPU = Release|Any CPU
	EndGlobalSection
	GlobalSection(ProjectConfigurationPlatforms) = postSolution
		{861457CA-0CBA-4FBF-B128-364A30259864}.Debug|Any CPU.ActiveCfg = Debug|Any CPU
		{861457CA-0CBA-4FBF-B128-364A30259864}.Debug|Any CPU.Build.0 = Debug|Any CPU
		{861457CA-0CBA-4FBF-B128-364A30259864}.Release|Any CPU.ActiveCfg = Release|Any CPU
		{861457CA-0CBA-4FBF-B128-364A30259864}.Release|Any CPU.Build.0 = Release|Any CPU
		{05BE2843-37B9-4D86-84E5-1C5FF4F53085}.Debug|Any CPU.ActiveCfg = Debug|Any CPU
		{05BE2843-37B9-4D86-84E5-1C5FF4F53085}.Debug|Any CPU.Build.0 = Debug|Any CPU
		{05BE2843-37B9-4D86-84E5-1C5FF4F53085}.Release|Any CPU.ActiveCfg = Release|Any CPU
		{05BE2843-37B9-4D86-84E5-1C5FF4F53085}.Release|Any CPU.Build.0 = Release|Any CPU
		{E40DB42F-19AB-45C0-99F8-69ABFC854EBC}.Debug|Any CPU.ActiveCfg = Debug|Any CPU
		{E40DB42F-19AB-45C0-99F8-69ABFC854EBC}.Debug|Any CPU.Build.0 = Debug|Any CPU
		{E40DB42F-19AB-45C0-99F8-69ABFC854EBC}.Release|Any CPU.ActiveCfg = Release|Any CPU
		{E40DB42F-19AB-45C0-99F8-69ABFC854EBC}.Release|Any CPU.Build.0 = Release|Any CPU
		{EF340548-719B-43EB-8485-F54D0E2E5B8B}.Debug|Any CPU.ActiveCfg = Debug|Any CPU
		{EF340548-719B-43EB-8485-F54D0E2E5B8B}.Debug|Any CPU.Build.0 = Debug|Any CPU
		{EF340548-719B-43EB-8485-F54D0E2E5B8B}.Release|Any CPU.ActiveCfg = Release|Any CPU
		{EF340548-719B-43EB-8485-F54D0E2E5B8B}.Release|Any CPU.Build.0 = Release|Any CPU
		{19F342B9-6BD0-4A94-9E20-5A176B72804C}.Debug|Any CPU.ActiveCfg = Debug|Any CPU
		{19F342B9-6BD0-4A94-9E20-5A176B72804C}.Debug|Any CPU.Build.0 = Debug|Any CPU
		{19F342B9-6BD0-4A94-9E20-5A176B72804C}.Release|Any CPU.ActiveCfg = Release|Any CPU
		{19F342B9-6BD0-4A94-9E20-5A176B72804C}.Release|Any CPU.Build.0 = Release|Any CPU
		{403CD5B6-39A5-4ADE-8568-7EA3FC4525D3}.Debug|Any CPU.ActiveCfg = Debug|Any CPU
		{403CD5B6-39A5-4ADE-8568-7EA3FC4525D3}.Debug|Any CPU.Build.0 = Debug|Any CPU
		{403CD5B6-39A5-4ADE-8568-7EA3FC4525D3}.Release|Any CPU.ActiveCfg = Release|Any CPU
		{403CD5B6-39A5-4ADE-8568-7EA3FC4525D3}.Release|Any CPU.Build.0 = Release|Any CPU
		{2A9C12B1-2FAB-4093-85DA-E19A12A84291}.Debug|Any CPU.ActiveCfg = Debug|Any CPU
		{2A9C12B1-2FAB-4093-85DA-E19A12A84291}.Debug|Any CPU.Build.0 = Debug|Any CPU
		{2A9C12B1-2FAB-4093-85DA-E19A12A84291}.Release|Any CPU.ActiveCfg = Release|Any CPU
		{2A9C12B1-2FAB-4093-85DA-E19A12A84291}.Release|Any CPU.Build.0 = Release|Any CPU
		{DD0EAF70-A8E7-4051-B66E-6D19ECE28EC3}.Debug|Any CPU.ActiveCfg = Debug|Any CPU
		{DD0EAF70-A8E7-4051-B66E-6D19ECE28EC3}.Debug|Any CPU.Build.0 = Debug|Any CPU
		{DD0EAF70-A8E7-4051-B66E-6D19ECE28EC3}.Release|Any CPU.ActiveCfg = Release|Any CPU
		{DD0EAF70-A8E7-4051-B66E-6D19ECE28EC3}.Release|Any CPU.Build.0 = Release|Any CPU
		{3AB1E8C6-E5DE-4037-BF81-C460D0CB3EF7}.Debug|Any CPU.ActiveCfg = Debug|Any CPU
		{3AB1E8C6-E5DE-4037-BF81-C460D0CB3EF7}.Debug|Any CPU.Build.0 = Debug|Any CPU
		{3AB1E8C6-E5DE-4037-BF81-C460D0CB3EF7}.Release|Any CPU.ActiveCfg = Release|Any CPU
		{3AB1E8C6-E5DE-4037-BF81-C460D0CB3EF7}.Release|Any CPU.Build.0 = Release|Any CPU
		{2FE46A36-CB9F-4996-8CE9-DBDAEB74BCB9}.Debug|Any CPU.ActiveCfg = Debug|Any CPU
		{2FE46A36-CB9F-4996-8CE9-DBDAEB74BCB9}.Debug|Any CPU.Build.0 = Debug|Any CPU
		{2FE46A36-CB9F-4996-8CE9-DBDAEB74BCB9}.Release|Any CPU.ActiveCfg = Release|Any CPU
		{2FE46A36-CB9F-4996-8CE9-DBDAEB74BCB9}.Release|Any CPU.Build.0 = Release|Any CPU
		{C469B5BE-81F8-473E-A75D-B72D9361D066}.Debug|Any CPU.ActiveCfg = Debug|Any CPU
		{C469B5BE-81F8-473E-A75D-B72D9361D066}.Debug|Any CPU.Build.0 = Debug|Any CPU
		{C469B5BE-81F8-473E-A75D-B72D9361D066}.Release|Any CPU.ActiveCfg = Release|Any CPU
		{C469B5BE-81F8-473E-A75D-B72D9361D066}.Release|Any CPU.Build.0 = Release|Any CPU
		{E0F1863F-9698-45B8-A123-59F81E31FA29}.Debug|Any CPU.ActiveCfg = Debug|Any CPU
		{E0F1863F-9698-45B8-A123-59F81E31FA29}.Debug|Any CPU.Build.0 = Debug|Any CPU
		{E0F1863F-9698-45B8-A123-59F81E31FA29}.Release|Any CPU.ActiveCfg = Release|Any CPU
		{E0F1863F-9698-45B8-A123-59F81E31FA29}.Release|Any CPU.Build.0 = Release|Any CPU
		{3FBE4939-C622-43B0-B5BD-26AB7853B48D}.Debug|Any CPU.ActiveCfg = Debug|Any CPU
		{3FBE4939-C622-43B0-B5BD-26AB7853B48D}.Debug|Any CPU.Build.0 = Debug|Any CPU
		{3FBE4939-C622-43B0-B5BD-26AB7853B48D}.Release|Any CPU.ActiveCfg = Release|Any CPU
		{3FBE4939-C622-43B0-B5BD-26AB7853B48D}.Release|Any CPU.Build.0 = Release|Any CPU
		{B5D5FADA-104B-4B60-9B2F-0B758BF58A44}.Debug|Any CPU.ActiveCfg = Debug|Any CPU
		{B5D5FADA-104B-4B60-9B2F-0B758BF58A44}.Debug|Any CPU.Build.0 = Debug|Any CPU
		{B5D5FADA-104B-4B60-9B2F-0B758BF58A44}.Release|Any CPU.ActiveCfg = Release|Any CPU
		{B5D5FADA-104B-4B60-9B2F-0B758BF58A44}.Release|Any CPU.Build.0 = Release|Any CPU
		{716A018E-67AD-4416-972F-787C24C54360}.Debug|Any CPU.ActiveCfg = Debug|Any CPU
		{716A018E-67AD-4416-972F-787C24C54360}.Debug|Any CPU.Build.0 = Debug|Any CPU
		{716A018E-67AD-4416-972F-787C24C54360}.Release|Any CPU.ActiveCfg = Release|Any CPU
		{716A018E-67AD-4416-972F-787C24C54360}.Release|Any CPU.Build.0 = Release|Any CPU
		{13647837-D503-475B-958D-FDF00C4EFA56}.Debug|Any CPU.ActiveCfg = Debug|Any CPU
		{13647837-D503-475B-958D-FDF00C4EFA56}.Debug|Any CPU.Build.0 = Debug|Any CPU
		{13647837-D503-475B-958D-FDF00C4EFA56}.Release|Any CPU.ActiveCfg = Release|Any CPU
		{13647837-D503-475B-958D-FDF00C4EFA56}.Release|Any CPU.Build.0 = Release|Any CPU
		{611D8679-3045-4081-BA21-06315C124F0C}.Debug|Any CPU.ActiveCfg = Debug|Any CPU
		{611D8679-3045-4081-BA21-06315C124F0C}.Debug|Any CPU.Build.0 = Debug|Any CPU
		{611D8679-3045-4081-BA21-06315C124F0C}.Release|Any CPU.ActiveCfg = Release|Any CPU
		{611D8679-3045-4081-BA21-06315C124F0C}.Release|Any CPU.Build.0 = Release|Any CPU
		{35F3597E-8400-4813-A2FF-07EAD2824FDF}.Debug|Any CPU.ActiveCfg = Debug|Any CPU
		{35F3597E-8400-4813-A2FF-07EAD2824FDF}.Debug|Any CPU.Build.0 = Debug|Any CPU
		{35F3597E-8400-4813-A2FF-07EAD2824FDF}.Release|Any CPU.ActiveCfg = Release|Any CPU
		{35F3597E-8400-4813-A2FF-07EAD2824FDF}.Release|Any CPU.Build.0 = Release|Any CPU
		{886B1C54-B8D0-4930-AA98-1F948835A61D}.Debug|Any CPU.ActiveCfg = Debug|Any CPU
		{886B1C54-B8D0-4930-AA98-1F948835A61D}.Debug|Any CPU.Build.0 = Debug|Any CPU
		{886B1C54-B8D0-4930-AA98-1F948835A61D}.Release|Any CPU.ActiveCfg = Release|Any CPU
		{886B1C54-B8D0-4930-AA98-1F948835A61D}.Release|Any CPU.Build.0 = Release|Any CPU
		{54239772-A372-4C56-BCA3-3A683E227AC7}.Debug|Any CPU.ActiveCfg = Debug|Any CPU
		{54239772-A372-4C56-BCA3-3A683E227AC7}.Debug|Any CPU.Build.0 = Debug|Any CPU
		{54239772-A372-4C56-BCA3-3A683E227AC7}.Release|Any CPU.ActiveCfg = Release|Any CPU
		{54239772-A372-4C56-BCA3-3A683E227AC7}.Release|Any CPU.Build.0 = Release|Any CPU
		{A16F7E4E-9FE7-4E81-A4FD-ACC58DA10EF7}.Debug|Any CPU.ActiveCfg = Debug|Any CPU
		{A16F7E4E-9FE7-4E81-A4FD-ACC58DA10EF7}.Debug|Any CPU.Build.0 = Debug|Any CPU
		{A16F7E4E-9FE7-4E81-A4FD-ACC58DA10EF7}.Release|Any CPU.ActiveCfg = Release|Any CPU
		{A16F7E4E-9FE7-4E81-A4FD-ACC58DA10EF7}.Release|Any CPU.Build.0 = Release|Any CPU
		{76898AB2-BCCF-4D9A-9DF8-43981F3740B2}.Debug|Any CPU.ActiveCfg = Debug|Any CPU
		{76898AB2-BCCF-4D9A-9DF8-43981F3740B2}.Debug|Any CPU.Build.0 = Debug|Any CPU
		{76898AB2-BCCF-4D9A-9DF8-43981F3740B2}.Release|Any CPU.ActiveCfg = Release|Any CPU
		{76898AB2-BCCF-4D9A-9DF8-43981F3740B2}.Release|Any CPU.Build.0 = Release|Any CPU
	EndGlobalSection
	GlobalSection(SolutionProperties) = preSolution
		HideSolutionNode = FALSE
	EndGlobalSection
	GlobalSection(ExtensibilityGlobals) = postSolution
		SolutionGuid = {3BD1656E-AC46-40F3-8184-DDE2856F4A9B}
	EndGlobalSection
EndGlobal
